schema: '2.0'
stages:
  load_data:
    cmd: python -m src.data_loading.load_data
    deps:
    - path: src/data_loading/load_data.py
      hash: md5
      md5: d0c9a81921012b317a863456ab5f55eb
      size: 1483
    outs:
    - path: data/raw/raw.csv
      hash: md5
      md5: ca278804a6ed09b6a2f3530ba198b32f
      size: 116187
  preprocess_data:
    cmd: python -m src.data_preprocessing.preprocess_data
    deps:
    - path: data/raw/raw.csv
      hash: md5
      md5: ca278804a6ed09b6a2f3530ba198b32f
      size: 116187
    - path: src/data_preprocessing/preprocess_data.py
      hash: md5
      md5: 727f22f9650a9dfb2b1a217912d46034
      size: 3993
    params:
      params.yaml:
        preprocess_data.random_seed: 42
        preprocess_data.test_size: 0.2
    outs:
    - path: artifacts/[features]_mean_imputer.joblib
      hash: md5
      md5: 59e39ca5a4f9855edfaf31724407dbdb
      size: 1511
    - path: data/preprocessed/test_preprocessed.csv
      hash: md5
      md5: 23fe0a4d8d8db9d2f4323da65085aa03
      size: 26953
    - path: data/preprocessed/train_preprocessed.csv
      hash: md5
      md5: ab50e928b731ca940692717e8143bd15
      size: 105696
  engineer_features:
    cmd: python -m src.feature_engineering.engineer_features
    deps:
    - path: data/preprocessed/test_preprocessed.csv
      hash: md5
      md5: 23fe0a4d8d8db9d2f4323da65085aa03
      size: 26953
    - path: data/preprocessed/train_preprocessed.csv
      hash: md5
      md5: ab50e928b731ca940692717e8143bd15
      size: 105696
    - path: src/feature_engineering/engineer_features.py
      hash: md5
      md5: f8446b81a185b5c5d4b06fd60a3b9b9f
      size: 3052
    outs:
    - path: artifacts/[features]_scaler.joblib
      hash: md5
      md5: 299668f053998cc0440337661287fa60
      size: 2135
    - path: data/processed/test_processed.csv
      hash: md5
      md5: 571d4ecc82d8ed6f2645aea2356f64fe
      size: 67761
    - path: data/processed/train_processed.csv
      hash: md5
      md5: 212b7b50cf669098ca499d77a1dfb274
      size: 268836
  train:
    cmd: python -m src.model_training.train_model
    deps:
    - path: data/processed/train_processed.csv
      hash: md5
      md5: 212b7b50cf669098ca499d77a1dfb274
      size: 268836
    - path: src/model_training/train_model.py
      hash: md5
      md5: 16882d4d228f2794f649f09e0a9c36fc
      size: 5302
    params:
      params.yaml:
        train.batch_size: 16
        train.dropout_rate: 0.25
        train.epochs: 100
        train.hidden_layer_1_neurons: 64
        train.hidden_layer_2_neurons: 32
        train.learning_rate: 0.001
    outs:
    - path: artifacts/[target]_one_hot_encoder.joblib
      hash: md5
      md5: 9c68e41a114fdb0985121e8d89f055bc
      size: 617
    - path: metrics/training.json
      hash: md5
      md5: 6a709d87383369ca28b2be835ccf893e
      size: 141
    - path: models/model.keras
      hash: md5
      md5: 6e1e78a3e2e44645d2d2e3492fe6b6d7
      size: 79542
  evaluate:
    cmd: python -m src.model_evaluation.evaluate_model
    deps:
    - path: artifacts/[target]_one_hot_encoder.joblib
      hash: md5
      md5: 9c68e41a114fdb0985121e8d89f055bc
      size: 617
    - path: data/processed/test_processed.csv
      hash: md5
      md5: 571d4ecc82d8ed6f2645aea2356f64fe
      size: 67761
    - path: models/model.keras
      hash: md5
      md5: 6e1e78a3e2e44645d2d2e3492fe6b6d7
      size: 79542
    - path: src/model_evaluation/evaluate_model.py
      hash: md5
      md5: 1300021eeca5193c758efb74cfff4814
      size: 2514
    outs:
    - path: metrics/evaluation.json
      hash: md5
      md5: 7a721b30dbe53ee7315a70f4d75582e3
      size: 794
