schema: '2.0'
stages:
  load_data:
    cmd: python -m src.data_loading.load_data
    deps:
    - path: src/data_loading/load_data.py
      hash: md5
      md5: d0c9a81921012b317a863456ab5f55eb
      size: 1483
    outs:
    - path: data/raw/raw.csv
      hash: md5
      md5: f1821080206a4b588afdf2cff0af3be4
      size: 116187
  preprocess_data:
    cmd: python -m src.data_preprocessing.preprocess_data
    deps:
    - path: data/raw/raw.csv
      hash: md5
      md5: f1821080206a4b588afdf2cff0af3be4
      size: 116187
    - path: src/data_preprocessing/preprocess_data.py
      hash: md5
      md5: 727f22f9650a9dfb2b1a217912d46034
      size: 3993
    params:
      params.yaml:
        preprocess_data.random_seed: 42
        preprocess_data.test_size: 0.2
    outs:
    - path: artifacts/[features]_mean_imputer.joblib
      hash: md5
      md5: 820587aded674ecef5cca2ea4e2f5b28
      size: 1511
    - path: data/preprocessed/test_preprocessed.csv
      hash: md5
      md5: 0878fbd0f0f0811be5c53884bf39d87c
      size: 26915
    - path: data/preprocessed/train_preprocessed.csv
      hash: md5
      md5: 08a270baab8894631275efb475bf7adf
      size: 105603
  engineer_features:
    cmd: python -m src.feature_engineering.engineer_features
    deps:
    - path: data/preprocessed/test_preprocessed.csv
      hash: md5
      md5: 0878fbd0f0f0811be5c53884bf39d87c
      size: 26915
    - path: data/preprocessed/train_preprocessed.csv
      hash: md5
      md5: 08a270baab8894631275efb475bf7adf
      size: 105603
    - path: src/feature_engineering/engineer_features.py
      hash: md5
      md5: f8446b81a185b5c5d4b06fd60a3b9b9f
      size: 3052
    outs:
    - path: artifacts/[features]_scaler.joblib
      hash: md5
      md5: 925fef9bf0c083643efbf13bd0d846ca
      size: 2135
    - path: data/processed/test_processed.csv
      hash: md5
      md5: 5a375244466e8a05525a7b53cdc1baf3
      size: 67681
    - path: data/processed/train_processed.csv
      hash: md5
      md5: be8cfb61b9e7da78ea619d0a3f24e73b
      size: 268430
  train:
    cmd: python -m src.model_training.train_model
    deps:
    - path: data/processed/train_processed.csv
      hash: md5
      md5: be8cfb61b9e7da78ea619d0a3f24e73b
      size: 268430
    - path: src/model_training/train_model.py
      hash: md5
      md5: 88be7a36cc9e1ced9ccac0e2cc8fa964
      size: 6036
    params:
      params.yaml:
        train.batch_size: 16
        train.dropout_rate: 0.25
        train.epochs: 100
        train.hidden_layer_1_neurons: 64
        train.hidden_layer_2_neurons: 32
        train.learning_rate: 0.001
    outs:
    - path: artifacts/[target]_one_hot_encoder.joblib
      hash: md5
      md5: 9c68e41a114fdb0985121e8d89f055bc
      size: 617
    - path: metrics/training.json
      hash: md5
      md5: a32fb8f9ca4c88863aba36917915eff0
      size: 126
    - path: models/model.keras
      hash: md5
      md5: 3acc3ea6553f65f59206ff7c27c53e7f
      size: 79542
  evaluate:
    cmd: python -m src.model_evaluation.evaluate_model
    deps:
    - path: artifacts/[target]_one_hot_encoder.joblib
      hash: md5
      md5: 9c68e41a114fdb0985121e8d89f055bc
      size: 617
    - path: data/processed/test_processed.csv
      hash: md5
      md5: 5a375244466e8a05525a7b53cdc1baf3
      size: 67681
    - path: models/model.keras
      hash: md5
      md5: 3acc3ea6553f65f59206ff7c27c53e7f
      size: 79542
    - path: src/model_evaluation/evaluate_model.py
      hash: md5
      md5: ef5e7abfd5bb2429752d03daf8232b21
      size: 3284
    outs:
    - path: metrics/evaluation.json
      hash: md5
      md5: 696d4d2d2842ec9489bc77e492840e46
      size: 793
